
Microsoft Visual Studio Solution File, Format Version 12.00
# Visual Studio Version 17
VisualStudioVersion = 17.0.31903.59
MinimumVisualStudioVersion = 10.0.40219.1
Project("{2150E333-8FDC-42A3-9474-1A3956D46DE8}") = "src", "src", "{FE754737-CF36-480F-BC2F-78829EA7119B}"
EndProject
Project("{9A19103F-16F7-4668-BE54-9A1E7A4F7556}") = "SdmCo.Reddit.Api", "src\SdmCo.Reddit.Api\SdmCo.Reddit.Api.csproj", "{C18AC896-0B16-42DA-8C71-2B3EB5DBF936}"
EndProject
Project("{9A19103F-16F7-4668-BE54-9A1E7A4F7556}") = "SdmCo.Reddit.Common", "src\SdmCo.Reddit.Common\SdmCo.Reddit.Common.csproj", "{11065083-DE29-42C2-A160-FD0836882030}"
EndProject
Project("{9A19103F-16F7-4668-BE54-9A1E7A4F7556}") = "SdmCo.Reddit.Monitor", "src\SdmCo.Reddit.Monitor\SdmCo.Reddit.Monitor.csproj", "{42C162A4-A74F-43E4-BD25-A9554621EF5D}"
EndProject
Project("{2150E333-8FDC-42A3-9474-1A3956D46DE8}") = "tests", "tests", "{1C3058A4-5324-45F1-8082-E5428DAA7494}"
EndProject
Project("{FAE04EC0-301F-11D3-BF4B-00C04F79EFBC}") = "SdmCo.Reddit.Monitor.UnitTests", "tests\SdmCo.Reddit.Monitor.UnitTests\SdmCo.Reddit.Monitor.UnitTests.csproj", "{C0C5B879-E505-4D19-93AA-EE3978CE7F6D}"
EndProject
Global
	GlobalSection(SolutionConfigurationPlatforms) = preSolution
		Debug|Any CPU = Debug|Any CPU
		Release|Any CPU = Release|Any CPU
	EndGlobalSection
	GlobalSection(ProjectConfigurationPlatforms) = postSolution
		{C18AC896-0B16-42DA-8C71-2B3EB5DBF936}.Debug|Any CPU.ActiveCfg = Debug|Any CPU
		{C18AC896-0B16-42DA-8C71-2B3EB5DBF936}.Debug|Any CPU.Build.0 = Debug|Any CPU
		{C18AC896-0B16-42DA-8C71-2B3EB5DBF936}.Release|Any CPU.ActiveCfg = Release|Any CPU
		{C18AC896-0B16-42DA-8C71-2B3EB5DBF936}.Release|Any CPU.Build.0 = Release|Any CPU
		{11065083-DE29-42C2-A160-FD0836882030}.Debug|Any CPU.ActiveCfg = Debug|Any CPU
		{11065083-DE29-42C2-A160-FD0836882030}.Debug|Any CPU.Build.0 = Debug|Any CPU
		{11065083-DE29-42C2-A160-FD0836882030}.Release|Any CPU.ActiveCfg = Release|Any CPU
		{11065083-DE29-42C2-A160-FD0836882030}.Release|Any CPU.Build.0 = Release|Any CPU
		{42C162A4-A74F-43E4-BD25-A9554621EF5D}.Debug|Any CPU.ActiveCfg = Debug|Any CPU
		{42C162A4-A74F-43E4-BD25-A9554621EF5D}.Debug|Any CPU.Build.0 = Debug|Any CPU
		{42C162A4-A74F-43E4-BD25-A9554621EF5D}.Release|Any CPU.ActiveCfg = Release|Any CPU
		{42C162A4-A74F-43E4-BD25-A9554621EF5D}.Release|Any CPU.Build.0 = Release|Any CPU
		{C0C5B879-E505-4D19-93AA-EE3978CE7F6D}.Debug|Any CPU.ActiveCfg = Debug|Any CPU
		{C0C5B879-E505-4D19-93AA-EE3978CE7F6D}.Debug|Any CPU.Build.0 = Debug|Any CPU
		{C0C5B879-E505-4D19-93AA-EE3978CE7F6D}.Release|Any CPU.ActiveCfg = Release|Any CPU
		{C0C5B879-E505-4D19-93AA-EE3978CE7F6D}.Release|Any CPU.Build.0 = Release|Any CPU
	EndGlobalSection
	GlobalSection(SolutionProperties) = preSolution
		HideSolutionNode = FALSE
	EndGlobalSection
	GlobalSection(NestedProjects) = preSolution
		{C18AC896-0B16-42DA-8C71-2B3EB5DBF936} = {FE754737-CF36-480F-BC2F-78829EA7119B}
		{11065083-DE29-42C2-A160-FD0836882030} = {FE754737-CF36-480F-BC2F-78829EA7119B}
		{42C162A4-A74F-43E4-BD25-A9554621EF5D} = {FE754737-CF36-480F-BC2F-78829EA7119B}
		{C0C5B879-E505-4D19-93AA-EE3978CE7F6D} = {1C3058A4-5324-45F1-8082-E5428DAA7494}
	EndGlobalSection
	GlobalSection(ExtensibilityGlobals) = postSolution
		SolutionGuid = {71484006-1764-4932-89C9-833B0E6A771C}
	EndGlobalSection
EndGlobal
